<?xml version="1.0" encoding="utf-8"?>
<Project ToolsVersion="4.0" xmlns="http://schemas.microsoft.com/developer/msbuild/2003">
  <ItemGroup>
    <Filter Include="GameFramework">
      <UniqueIdentifier>{7cb72818-3a5e-41bd-a4d8-2e25f234b7a6}</UniqueIdentifier>
    </Filter>
    <Filter Include="GameFramework\Header">
      <UniqueIdentifier>{bd022ebd-5d1f-4898-b8a6-e1ab6c8cbde1}</UniqueIdentifier>
    </Filter>
    <Filter Include="GameScene">
      <UniqueIdentifier>{760c9e82-f99a-4cea-bb57-c98408f589df}</UniqueIdentifier>
    </Filter>
    <Filter Include="GameFramework\Source">
      <UniqueIdentifier>{0b19ed2b-bd1e-46f6-bd27-0b4bfb1fb662}</UniqueIdentifier>
    </Filter>
    <Filter Include="GameFramework\Header\GameCommon">
      <UniqueIdentifier>{126dd0b7-bfaf-45ad-ac41-3069f1a41065}</UniqueIdentifier>
    </Filter>
    <Filter Include="GameFramework\Header\GameResource">
      <UniqueIdentifier>{6d09ce44-abe9-4000-9cd3-0893257030d3}</UniqueIdentifier>
    </Filter>
    <Filter Include="GameFramework\Header\GameObject">
      <UniqueIdentifier>{c665ca7f-361c-48fb-a9e5-84307b18de61}</UniqueIdentifier>
    </Filter>
  </ItemGroup>
  <ItemGroup>
    <ClCompile Include="GameMain.cpp">
      <Filter>GameFramework\Source</Filter>
    </ClCompile>
    <ClCompile Include="GameGraphic.cpp">
      <Filter>GameFramework\Source</Filter>
    </ClCompile>
    <ClCompile Include="GameListener.cpp">
      <Filter>GameFramework\Source</Filter>
    </ClCompile>
    <ClCompile Include="GameMedia.cpp">
      <Filter>GameFramework\Source</Filter>
    </ClCompile>
    <ClCompile Include="GameScene.cpp">
      <Filter>GameFramework\Source</Filter>
    </ClCompile>
    <ClCompile Include="GameResourceManager.cpp">
      <Filter>GameFramework\Source</Filter>
    </ClCompile>
    <ClCompile Include="GameSprite.cpp">
      <Filter>GameFramework\Source</Filter>
    </ClCompile>
    <ClCompile Include="GameUI.cpp">
      <Filter>GameFramework\Source</Filter>
    </ClCompile>
    <ClCompile Include="GameUtils.cpp">
      <Filter>GameFramework\Source</Filter>
    </ClCompile>
    <ClCompile Include="GameObjectManager.cpp">
      <Filter>GameFramework\Source</Filter>
    </ClCompile>
  </ItemGroup>
  <ItemGroup>
    <ClInclude Include="GameUtils.h">
      <Filter>GameFramework\Header</Filter>
    </ClInclude>
    <ClInclude Include="GameResourceManager.h">
      <Filter>GameFramework\Header\GameCommon</Filter>
    </ClInclude>
    <ClInclude Include="GameObjectManager.h">
      <Filter>GameFramework\Header\GameCommon</Filter>
    </ClInclude>
    <ClInclude Include="GameGraphic.h">
      <Filter>GameFramework\Header\GameResource</Filter>
    </ClInclude>
    <ClInclude Include="GameMedia.h">
      <Filter>GameFramework\Header\GameResource</Filter>
    </ClInclude>
    <ClInclude Include="GameListener.h">
      <Filter>GameFramework\Header\GameObject</Filter>
    </ClInclude>
    <ClInclude Include="GameSprite.h">
      <Filter>GameFramework\Header\GameObject</Filter>
    </ClInclude>
    <ClInclude Include="GameUI.h">
      <Filter>GameFramework\Header\GameObject</Filter>
    </ClInclude>
    <ClInclude Include="GameScene.h">
      <Filter>GameFramework\Header</Filter>
    </ClInclude>
  </ItemGroup>
</Project>